
Microsoft Visual Studio Solution File, Format Version 12.00
# Visual Studio Version 17
VisualStudioVersion = 17.3.32825.248
MinimumVisualStudioVersion = 10.0.40219.1
Project("{FAE04EC0-301F-11D3-BF4B-00C04F79EFBC}") = "SesliSessizHarfBulma 24.11.2022", "SesliSessizHarfBulma 24.11.2022\SesliSessizHarfBulma 24.11.2022.csproj", "{75F4CA2C-9E91-47BE-849A-0EB55CB195DA}"
EndProject
Global
	GlobalSection(SolutionConfigurationPlatforms) = preSolution
		Debug|Any CPU = Debug|Any CPU
		Release|Any CPU = Release|Any CPU
	EndGlobalSection
	GlobalSection(ProjectConfigurationPlatforms) = postSolution
		{75F4CA2C-9E91-47BE-849A-0EB55CB195DA}.Debug|Any CPU.ActiveCfg = Debug|Any CPU
		{75F4CA2C-9E91-47BE-849A-0EB55CB195DA}.Debug|Any CPU.Build.0 = Debug|Any CPU
		{75F4CA2C-9E91-47BE-849A-0EB55CB195DA}.Release|Any CPU.ActiveCfg = Release|Any CPU
		{75F4CA2C-9E91-47BE-849A-0EB55CB195DA}.Release|Any CPU.Build.0 = Release|Any CPU
	EndGlobalSection
	GlobalSection(SolutionProperties) = preSolution
		HideSolutionNode = FALSE
	EndGlobalSection
	GlobalSection(ExtensibilityGlobals) = postSolution
		SolutionGuid = {F5C87F13-8493-4DED-A192-F9F4CD0213AF}
	EndGlobalSection
EndGlobal
